
Microsoft Visual Studio Solution File, Format Version 12.00
# Visual Studio Version 17
VisualStudioVersion = 17.3.32811.315
MinimumVisualStudioVersion = 10.0.40219.1
Project("{9A19103F-16F7-4668-BE54-9A1E7A4F7556}") = "Sprava", "Sprava\Sprava.csproj", "{EBFA8512-1EA5-4D8C-B4AC-AB5B48A6D568}"
EndProject
Project("{9A19103F-16F7-4668-BE54-9A1E7A4F7556}") = "Sprava.Desktop", "Sprava.Desktop\Sprava.Desktop.csproj", "{ABC31E74-02FF-46EB-B3B2-4E6AE43B456C}"
EndProject
Project("{9A19103F-16F7-4668-BE54-9A1E7A4F7556}") = "Sprava.Browser", "Sprava.Browser\Sprava.Browser.csproj", "{1C1A049E-235C-4CD0-B6FA-D53AC418F4DA}"
EndProject
Project("{9A19103F-16F7-4668-BE54-9A1E7A4F7556}") = "Sprava.iOS", "Sprava.iOS\Sprava.iOS.csproj", "{EBD9022F-BC83-4846-9A11-6F7F3772DC64}"
EndProject
Project("{9A19103F-16F7-4668-BE54-9A1E7A4F7556}") = "Sprava.Android", "Sprava.Android\Sprava.Android.csproj", "{7AD1DAC8-7FBE-49D5-8614-7321233DB82E}"
EndProject
Project("{2150E333-8FDC-42A3-9474-1A3956D46DE8}") = "Solution Items", "Solution Items", "{3DA99C4E-89E3-4049-9C22-0A7EC60D83D8}"
	ProjectSection(SolutionItems) = preProject
		Directory.Packages.props = Directory.Packages.props
	EndProjectSection
EndProject
Project("{2150E333-8FDC-42A3-9474-1A3956D46DE8}") = "Cromwell", "Cromwell", "{4024DAB6-F4CB-44B6-8060-901F70D2342D}"
EndProject
Project("{FAE04EC0-301F-11D3-BF4B-00C04F79EFBC}") = "Cromwell", "..\Cromwell\Cromwell\Cromwell.csproj", "{BADE43EC-4D42-44B2-8D3A-D420BE28CDC8}"
EndProject
Project("{2150E333-8FDC-42A3-9474-1A3956D46DE8}") = "Inanna", "Inanna", "{AD40F875-5661-426A-BE26-2CC113653991}"
EndProject
Project("{FAE04EC0-301F-11D3-BF4B-00C04F79EFBC}") = "Inanna", "..\Inanna\Inanna\Inanna.csproj", "{32DB1105-331E-4234-9D57-3A00995E3A7D}"
EndProject
Project("{FAE04EC0-301F-11D3-BF4B-00C04F79EFBC}") = "Inanna.SourceGenerator", "..\Inanna\Inanna.SourceGenerator\Inanna.SourceGenerator.csproj", "{F4E55B84-9BCA-4DC2-9FAF-28B8C0CF804F}"
EndProject
Project("{2150E333-8FDC-42A3-9474-1A3956D46DE8}") = "Gaia", "Gaia", "{7060567C-2E2E-470C-A3A5-5A9901EB2D8B}"
EndProject
Project("{FAE04EC0-301F-11D3-BF4B-00C04F79EFBC}") = "Gaia", "..\Gaia\Gaia\Gaia.csproj", "{262B6A15-5B25-48EF-B496-4F99A5A96410}"
EndProject
Global
	GlobalSection(SolutionConfigurationPlatforms) = preSolution
		Debug|Any CPU = Debug|Any CPU
		Release|Any CPU = Release|Any CPU
	EndGlobalSection
	GlobalSection(ProjectConfigurationPlatforms) = postSolution
		{EBFA8512-1EA5-4D8C-B4AC-AB5B48A6D568}.Debug|Any CPU.ActiveCfg = Debug|Any CPU
		{EBFA8512-1EA5-4D8C-B4AC-AB5B48A6D568}.Debug|Any CPU.Build.0 = Debug|Any CPU
		{EBFA8512-1EA5-4D8C-B4AC-AB5B48A6D568}.Release|Any CPU.ActiveCfg = Release|Any CPU
		{EBFA8512-1EA5-4D8C-B4AC-AB5B48A6D568}.Release|Any CPU.Build.0 = Release|Any CPU
		{ABC31E74-02FF-46EB-B3B2-4E6AE43B456C}.Debug|Any CPU.ActiveCfg = Debug|Any CPU
		{ABC31E74-02FF-46EB-B3B2-4E6AE43B456C}.Debug|Any CPU.Build.0 = Debug|Any CPU
		{ABC31E74-02FF-46EB-B3B2-4E6AE43B456C}.Release|Any CPU.ActiveCfg = Release|Any CPU
		{ABC31E74-02FF-46EB-B3B2-4E6AE43B456C}.Release|Any CPU.Build.0 = Release|Any CPU
		{1C1A049E-235C-4CD0-B6FA-D53AC418F4DA}.Debug|Any CPU.ActiveCfg = Debug|Any CPU
		{1C1A049E-235C-4CD0-B6FA-D53AC418F4DA}.Debug|Any CPU.Build.0 = Debug|Any CPU
		{1C1A049E-235C-4CD0-B6FA-D53AC418F4DA}.Release|Any CPU.ActiveCfg = Release|Any CPU
		{1C1A049E-235C-4CD0-B6FA-D53AC418F4DA}.Release|Any CPU.Build.0 = Release|Any CPU
		{EBD9022F-BC83-4846-9A11-6F7F3772DC64}.Debug|Any CPU.ActiveCfg = Debug|Any CPU
		{EBD9022F-BC83-4846-9A11-6F7F3772DC64}.Debug|Any CPU.Build.0 = Debug|Any CPU
		{EBD9022F-BC83-4846-9A11-6F7F3772DC64}.Release|Any CPU.ActiveCfg = Release|Any CPU
		{EBD9022F-BC83-4846-9A11-6F7F3772DC64}.Release|Any CPU.Build.0 = Release|Any CPU
		{7AD1DAC8-7FBE-49D5-8614-7321233DB82E}.Debug|Any CPU.ActiveCfg = Debug|Any CPU
		{7AD1DAC8-7FBE-49D5-8614-7321233DB82E}.Debug|Any CPU.Build.0 = Debug|Any CPU
		{7AD1DAC8-7FBE-49D5-8614-7321233DB82E}.Release|Any CPU.ActiveCfg = Release|Any CPU
		{7AD1DAC8-7FBE-49D5-8614-7321233DB82E}.Release|Any CPU.Build.0 = Release|Any CPU
		{BADE43EC-4D42-44B2-8D3A-D420BE28CDC8}.Debug|Any CPU.ActiveCfg = Debug|Any CPU
		{BADE43EC-4D42-44B2-8D3A-D420BE28CDC8}.Debug|Any CPU.Build.0 = Debug|Any CPU
		{BADE43EC-4D42-44B2-8D3A-D420BE28CDC8}.Release|Any CPU.ActiveCfg = Release|Any CPU
		{BADE43EC-4D42-44B2-8D3A-D420BE28CDC8}.Release|Any CPU.Build.0 = Release|Any CPU
		{32DB1105-331E-4234-9D57-3A00995E3A7D}.Debug|Any CPU.ActiveCfg = Debug|Any CPU
		{32DB1105-331E-4234-9D57-3A00995E3A7D}.Debug|Any CPU.Build.0 = Debug|Any CPU
		{32DB1105-331E-4234-9D57-3A00995E3A7D}.Release|Any CPU.ActiveCfg = Release|Any CPU
		{32DB1105-331E-4234-9D57-3A00995E3A7D}.Release|Any CPU.Build.0 = Release|Any CPU
		{F4E55B84-9BCA-4DC2-9FAF-28B8C0CF804F}.Debug|Any CPU.ActiveCfg = Debug|Any CPU
		{F4E55B84-9BCA-4DC2-9FAF-28B8C0CF804F}.Debug|Any CPU.Build.0 = Debug|Any CPU
		{F4E55B84-9BCA-4DC2-9FAF-28B8C0CF804F}.Release|Any CPU.ActiveCfg = Release|Any CPU
		{F4E55B84-9BCA-4DC2-9FAF-28B8C0CF804F}.Release|Any CPU.Build.0 = Release|Any CPU
		{262B6A15-5B25-48EF-B496-4F99A5A96410}.Debug|Any CPU.ActiveCfg = Debug|Any CPU
		{262B6A15-5B25-48EF-B496-4F99A5A96410}.Debug|Any CPU.Build.0 = Debug|Any CPU
		{262B6A15-5B25-48EF-B496-4F99A5A96410}.Release|Any CPU.ActiveCfg = Release|Any CPU
		{262B6A15-5B25-48EF-B496-4F99A5A96410}.Release|Any CPU.Build.0 = Release|Any CPU
	EndGlobalSection
	GlobalSection(SolutionProperties) = preSolution
		HideSolutionNode = FALSE
	EndGlobalSection
	GlobalSection(ExtensibilityGlobals) = postSolution
		SolutionGuid = {83CB65B8-011F-4ED7-BCD3-A6CFA935EF7E}
	EndGlobalSection
	GlobalSection(NestedProjects) = preSolution
		{BADE43EC-4D42-44B2-8D3A-D420BE28CDC8} = {4024DAB6-F4CB-44B6-8060-901F70D2342D}
		{32DB1105-331E-4234-9D57-3A00995E3A7D} = {AD40F875-5661-426A-BE26-2CC113653991}
		{F4E55B84-9BCA-4DC2-9FAF-28B8C0CF804F} = {AD40F875-5661-426A-BE26-2CC113653991}
		{262B6A15-5B25-48EF-B496-4F99A5A96410} = {7060567C-2E2E-470C-A3A5-5A9901EB2D8B}
	EndGlobalSection
EndGlobal
